
Microsoft Visual Studio Solution File, Format Version 12.00
# Visual Studio 2015
Project("{FAE04EC0-301F-11D3-BF4B-00C04F79EFBC}") = "New Unity Project 6.CSharp", "New Unity Project 6.CSharp.csproj", "{8163F949-E537-7A60-4A4A-E7C8920C20AB}"
EndProject
Project("{FAE04EC0-301F-11D3-BF4B-00C04F79EFBC}") = "New Unity Project 6.CSharp.Editor", "New Unity Project 6.CSharp.Editor.csproj", "{CAEFCC43-44FF-1509-230A-BEE40EC49B6A}"
EndProject
Global
	GlobalSection(SolutionConfigurationPlatforms) = preSolution
		Debug|Any CPU = Debug|Any CPU
		Release|Any CPU = Release|Any CPU
	EndGlobalSection
	GlobalSection(ProjectConfigurationPlatforms) = postSolution
		{8163F949-E537-7A60-4A4A-E7C8920C20AB}.Debug|Any CPU.ActiveCfg = Debug|Any CPU
		{8163F949-E537-7A60-4A4A-E7C8920C20AB}.Debug|Any CPU.Build.0 = Debug|Any CPU
		{8163F949-E537-7A60-4A4A-E7C8920C20AB}.Release|Any CPU.ActiveCfg = Release|Any CPU
		{8163F949-E537-7A60-4A4A-E7C8920C20AB}.Release|Any CPU.Build.0 = Release|Any CPU
		{CAEFCC43-44FF-1509-230A-BEE40EC49B6A}.Debug|Any CPU.ActiveCfg = Debug|Any CPU
		{CAEFCC43-44FF-1509-230A-BEE40EC49B6A}.Debug|Any CPU.Build.0 = Debug|Any CPU
		{CAEFCC43-44FF-1509-230A-BEE40EC49B6A}.Release|Any CPU.ActiveCfg = Release|Any CPU
		{CAEFCC43-44FF-1509-230A-BEE40EC49B6A}.Release|Any CPU.Build.0 = Release|Any CPU
	EndGlobalSection
	GlobalSection(SolutionProperties) = preSolution
		HideSolutionNode = FALSE
	EndGlobalSection
EndGlobal
